
Microsoft Visual Studio Solution File, Format Version 12.00
# Visual Studio Version 17
VisualStudioVersion = 17.9.34723.18
MinimumVisualStudioVersion = 10.0.40219.1
Project("{2150E333-8FDC-42A3-9474-1A3956D46DE8}") = "src", "src", "{0E1B712A-F816-4A7A-A5B1-C21FF3F8313B}"
EndProject
Project("{2150E333-8FDC-42A3-9474-1A3956D46DE8}") = "tests", "tests", "{1A4B53F8-D689-4C29-B751-2B43FFEAD434}"
EndProject
Project("{2150E333-8FDC-42A3-9474-1A3956D46DE8}") = "backend", "backend", "{95EA5B35-256B-4CF2-97C3-1C0EAFBD8325}"
EndProject
Project("{2150E333-8FDC-42A3-9474-1A3956D46DE8}") = "shered", "shered", "{3141BFFD-679E-404E-AF5B-C8D6114C48FF}"
EndProject
Project("{9A19103F-16F7-4668-BE54-9A1E7A4F7556}") = "MyRecipeBook.API", "src\backend\MyRecipeBook.API\MyRecipeBook.API.csproj", "{270A1436-9BF8-4C42-958E-886066EC3E97}"
EndProject
Project("{9A19103F-16F7-4668-BE54-9A1E7A4F7556}") = "MyRecipeBook.Application", "src\backend\MyRecipeBook.Application\MyRecipeBook.Application.csproj", "{19CA9E66-BDDA-4B07-829B-4F4EE674B4AD}"
EndProject
Project("{9A19103F-16F7-4668-BE54-9A1E7A4F7556}") = "MyRecipeBook.Domain", "src\backend\MyRecipeBook.Domain\MyRecipeBook.Domain.csproj", "{E8B13C78-111F-416C-9798-5DD79DE6D9E7}"
EndProject
Project("{9A19103F-16F7-4668-BE54-9A1E7A4F7556}") = "MyRecipeBook.Infraestructure", "src\backend\MyRecipeBook.Infraestructure\MyRecipeBook.Infraestructure.csproj", "{8FA002AC-F5F7-41A3-8DF0-A909579077F5}"
EndProject
Project("{9A19103F-16F7-4668-BE54-9A1E7A4F7556}") = "MyRecipeBook.Communication", "src\shered\MyRecipeBook.Communication\MyRecipeBook.Communication.csproj", "{A22D2053-C1ED-4971-ACD4-70B5DE83F426}"
EndProject
Project("{9A19103F-16F7-4668-BE54-9A1E7A4F7556}") = "MyRecipeBook.Exceptions", "src\shered\MyRecipeBook.Exceptions\MyRecipeBook.Exceptions.csproj", "{58EB4621-8671-4E69-AA4F-F56079ED8635}"
EndProject
Project("{9A19103F-16F7-4668-BE54-9A1E7A4F7556}") = "Validators.Test", "tests\Validators.Test\Validators.Test.csproj", "{4127271B-7760-47D1-AB9A-D3AE5FD3AE9F}"
EndProject
Project("{9A19103F-16F7-4668-BE54-9A1E7A4F7556}") = "CommonTestUtilities", "tests\CommonTestUtilities\CommonTestUtilities.csproj", "{27794BD8-A2C0-460D-BC8E-ACA76A7F7D72}"
EndProject
Project("{9A19103F-16F7-4668-BE54-9A1E7A4F7556}") = "UseCases", "tests\UseCases\UseCases.csproj", "{9B0B722E-3665-4744-A3D5-2695746831E3}"
EndProject
Project("{9A19103F-16F7-4668-BE54-9A1E7A4F7556}") = "WebAPI.Test", "tests\WebAPI.Test\WebAPI.Test.csproj", "{4863DE13-3DA4-4FE9-BAAA-8FEA73EA577A}"
EndProject
Global
	GlobalSection(SolutionConfigurationPlatforms) = preSolution
		Debug|Any CPU = Debug|Any CPU
		Release|Any CPU = Release|Any CPU
	EndGlobalSection
	GlobalSection(ProjectConfigurationPlatforms) = postSolution
		{270A1436-9BF8-4C42-958E-886066EC3E97}.Debug|Any CPU.ActiveCfg = Debug|Any CPU
		{270A1436-9BF8-4C42-958E-886066EC3E97}.Debug|Any CPU.Build.0 = Debug|Any CPU
		{270A1436-9BF8-4C42-958E-886066EC3E97}.Release|Any CPU.ActiveCfg = Release|Any CPU
		{270A1436-9BF8-4C42-958E-886066EC3E97}.Release|Any CPU.Build.0 = Release|Any CPU
		{19CA9E66-BDDA-4B07-829B-4F4EE674B4AD}.Debug|Any CPU.ActiveCfg = Debug|Any CPU
		{19CA9E66-BDDA-4B07-829B-4F4EE674B4AD}.Debug|Any CPU.Build.0 = Debug|Any CPU
		{19CA9E66-BDDA-4B07-829B-4F4EE674B4AD}.Release|Any CPU.ActiveCfg = Release|Any CPU
		{19CA9E66-BDDA-4B07-829B-4F4EE674B4AD}.Release|Any CPU.Build.0 = Release|Any CPU
		{E8B13C78-111F-416C-9798-5DD79DE6D9E7}.Debug|Any CPU.ActiveCfg = Debug|Any CPU
		{E8B13C78-111F-416C-9798-5DD79DE6D9E7}.Debug|Any CPU.Build.0 = Debug|Any CPU
		{E8B13C78-111F-416C-9798-5DD79DE6D9E7}.Release|Any CPU.ActiveCfg = Release|Any CPU
		{E8B13C78-111F-416C-9798-5DD79DE6D9E7}.Release|Any CPU.Build.0 = Release|Any CPU
		{8FA002AC-F5F7-41A3-8DF0-A909579077F5}.Debug|Any CPU.ActiveCfg = Debug|Any CPU
		{8FA002AC-F5F7-41A3-8DF0-A909579077F5}.Debug|Any CPU.Build.0 = Debug|Any CPU
		{8FA002AC-F5F7-41A3-8DF0-A909579077F5}.Release|Any CPU.ActiveCfg = Release|Any CPU
		{8FA002AC-F5F7-41A3-8DF0-A909579077F5}.Release|Any CPU.Build.0 = Release|Any CPU
		{A22D2053-C1ED-4971-ACD4-70B5DE83F426}.Debug|Any CPU.ActiveCfg = Debug|Any CPU
		{A22D2053-C1ED-4971-ACD4-70B5DE83F426}.Debug|Any CPU.Build.0 = Debug|Any CPU
		{A22D2053-C1ED-4971-ACD4-70B5DE83F426}.Release|Any CPU.ActiveCfg = Release|Any CPU
		{A22D2053-C1ED-4971-ACD4-70B5DE83F426}.Release|Any CPU.Build.0 = Release|Any CPU
		{58EB4621-8671-4E69-AA4F-F56079ED8635}.Debug|Any CPU.ActiveCfg = Debug|Any CPU
		{58EB4621-8671-4E69-AA4F-F56079ED8635}.Debug|Any CPU.Build.0 = Debug|Any CPU
		{58EB4621-8671-4E69-AA4F-F56079ED8635}.Release|Any CPU.ActiveCfg = Release|Any CPU
		{58EB4621-8671-4E69-AA4F-F56079ED8635}.Release|Any CPU.Build.0 = Release|Any CPU
		{4127271B-7760-47D1-AB9A-D3AE5FD3AE9F}.Debug|Any CPU.ActiveCfg = Debug|Any CPU
		{4127271B-7760-47D1-AB9A-D3AE5FD3AE9F}.Debug|Any CPU.Build.0 = Debug|Any CPU
		{4127271B-7760-47D1-AB9A-D3AE5FD3AE9F}.Release|Any CPU.ActiveCfg = Release|Any CPU
		{4127271B-7760-47D1-AB9A-D3AE5FD3AE9F}.Release|Any CPU.Build.0 = Release|Any CPU
		{27794BD8-A2C0-460D-BC8E-ACA76A7F7D72}.Debug|Any CPU.ActiveCfg = Debug|Any CPU
		{27794BD8-A2C0-460D-BC8E-ACA76A7F7D72}.Debug|Any CPU.Build.0 = Debug|Any CPU
		{27794BD8-A2C0-460D-BC8E-ACA76A7F7D72}.Release|Any CPU.ActiveCfg = Release|Any CPU
		{27794BD8-A2C0-460D-BC8E-ACA76A7F7D72}.Release|Any CPU.Build.0 = Release|Any CPU
		{9B0B722E-3665-4744-A3D5-2695746831E3}.Debug|Any CPU.ActiveCfg = Debug|Any CPU
		{9B0B722E-3665-4744-A3D5-2695746831E3}.Debug|Any CPU.Build.0 = Debug|Any CPU
		{9B0B722E-3665-4744-A3D5-2695746831E3}.Release|Any CPU.ActiveCfg = Release|Any CPU
		{9B0B722E-3665-4744-A3D5-2695746831E3}.Release|Any CPU.Build.0 = Release|Any CPU
		{4863DE13-3DA4-4FE9-BAAA-8FEA73EA577A}.Debug|Any CPU.ActiveCfg = Debug|Any CPU
		{4863DE13-3DA4-4FE9-BAAA-8FEA73EA577A}.Debug|Any CPU.Build.0 = Debug|Any CPU
		{4863DE13-3DA4-4FE9-BAAA-8FEA73EA577A}.Release|Any CPU.ActiveCfg = Release|Any CPU
		{4863DE13-3DA4-4FE9-BAAA-8FEA73EA577A}.Release|Any CPU.Build.0 = Release|Any CPU
	EndGlobalSection
	GlobalSection(SolutionProperties) = preSolution
		HideSolutionNode = FALSE
	EndGlobalSection
	GlobalSection(NestedProjects) = preSolution
		{95EA5B35-256B-4CF2-97C3-1C0EAFBD8325} = {0E1B712A-F816-4A7A-A5B1-C21FF3F8313B}
		{3141BFFD-679E-404E-AF5B-C8D6114C48FF} = {0E1B712A-F816-4A7A-A5B1-C21FF3F8313B}
		{270A1436-9BF8-4C42-958E-886066EC3E97} = {95EA5B35-256B-4CF2-97C3-1C0EAFBD8325}
		{19CA9E66-BDDA-4B07-829B-4F4EE674B4AD} = {95EA5B35-256B-4CF2-97C3-1C0EAFBD8325}
		{E8B13C78-111F-416C-9798-5DD79DE6D9E7} = {95EA5B35-256B-4CF2-97C3-1C0EAFBD8325}
		{8FA002AC-F5F7-41A3-8DF0-A909579077F5} = {95EA5B35-256B-4CF2-97C3-1C0EAFBD8325}
		{A22D2053-C1ED-4971-ACD4-70B5DE83F426} = {3141BFFD-679E-404E-AF5B-C8D6114C48FF}
		{58EB4621-8671-4E69-AA4F-F56079ED8635} = {3141BFFD-679E-404E-AF5B-C8D6114C48FF}
		{4127271B-7760-47D1-AB9A-D3AE5FD3AE9F} = {1A4B53F8-D689-4C29-B751-2B43FFEAD434}
		{27794BD8-A2C0-460D-BC8E-ACA76A7F7D72} = {1A4B53F8-D689-4C29-B751-2B43FFEAD434}
		{9B0B722E-3665-4744-A3D5-2695746831E3} = {1A4B53F8-D689-4C29-B751-2B43FFEAD434}
		{4863DE13-3DA4-4FE9-BAAA-8FEA73EA577A} = {1A4B53F8-D689-4C29-B751-2B43FFEAD434}
	EndGlobalSection
	GlobalSection(ExtensibilityGlobals) = postSolution
		SolutionGuid = {BC73EF03-8E21-4994-9647-D8832AFC24EE}
	EndGlobalSection
EndGlobal
